
Microsoft Visual Studio Solution File, Format Version 12.00
# Visual Studio 15
VisualStudioVersion = 15.0.28307.1321
MinimumVisualStudioVersion = 10.0.40219.1
Project("{FAE04EC0-301F-11D3-BF4B-00C04F79EFBC}") = "Bookstore", "Bookstore\Bookstore.csproj", "{67EC53FF-DC5A-4819-9877-C75BF187B267}"
EndProject
Global
	GlobalSection(SolutionConfigurationPlatforms) = preSolution
		Debug|Any CPU = Debug|Any CPU
		Release|Any CPU = Release|Any CPU
	EndGlobalSection
	GlobalSection(ProjectConfigurationPlatforms) = postSolution
		{67EC53FF-DC5A-4819-9877-C75BF187B267}.Debug|Any CPU.ActiveCfg = Debug|Any CPU
		{67EC53FF-DC5A-4819-9877-C75BF187B267}.Debug|Any CPU.Build.0 = Debug|Any CPU
		{67EC53FF-DC5A-4819-9877-C75BF187B267}.Release|Any CPU.ActiveCfg = Release|Any CPU
		{67EC53FF-DC5A-4819-9877-C75BF187B267}.Release|Any CPU.Build.0 = Release|Any CPU
	EndGlobalSection
	GlobalSection(SolutionProperties) = preSolution
		HideSolutionNode = FALSE
	EndGlobalSection
	GlobalSection(ExtensibilityGlobals) = postSolution
		SolutionGuid = {430369A1-7B8B-443E-86AC-12DE874E070C}
	EndGlobalSection
EndGlobal
